PODS:
  - YMFoundation (0.1.0):
    - YMFoundation/YMAsync (= 0.1.0)
    - YMFoundation/YMJSON (= 0.1.0)
    - YMFoundation/YMLoader (= 0.1.0)
    - YMFoundation/YMLocale (= 0.1.0)
    - YMFoundation/YMLogger (= 0.1.0)
    - YMFoundation/YMRequest (= 0.1.0)
    - YMFoundation/YMRouter (= 0.1.0)
  - YMFoundation/YMAsync (0.1.0):
    - YMFoundation/YMLogger
  - YMFoundation/YMJSON (0.1.0):
    - YMFoundation/YMLogger
  - YMFoundation/YMLoader (0.1.0):
    - YMFoundation/YMLogger
  - YMFoundation/YMLocale (0.1.0):
    - YMFoundation/YMLogger
  - YMFoundation/YMLogger (0.1.0)
  - YMFoundation/YMRequest (0.1.0):
    - YMFoundation/YMLogger
  - YMFoundation/YMRouter (0.1.0):
    - YMFoundation/YMLogger

DEPENDENCIES:
  - YMFoundation (from `../`)

EXTERNAL SOURCES:
  YMFoundation:
    :path: ../

SPEC CHECKSUMS:
  YMFoundation: 2bad001a93d394dddb7ab362aca2f056173fe9c7

COCOAPODS: 0.39.0
